{
  "name": "docpad-plugin-languagemaker",
  "version": "2.0.1",
  "lockfileVersion": 1,
  "requires": true,
  "dependencies": {
    "ambi": {
      "version": "2.5.0",
      "resolved": "https://registry.npmjs.org/ambi/-/ambi-2.5.0.tgz",
      "integrity": "sha1-fI43K+SIkRV+fOoBy2+RQ9H3QiA=",
      "requires": {
        "editions": "^1.1.1",
        "typechecker": "^4.3.0"
      }
    },
    "coffee-script": {
      "version": "1.12.6",
      "resolved": "https://registry.npmjs.org/coffee-script/-/coffee-script-1.12.6.tgz",
      "integrity": "sha1-KFo/cRVokGUGTWv570Vy22ZpXL8="
    },
    "csextends": {
      "version": "1.1.1",
      "resolved": "https://registry.npmjs.org/csextends/-/csextends-1.1.1.tgz",
      "integrity": "sha1-zFPBNJ+vfwrmzfb2xKTZFW08TsE=",
      "requires": {
        "coffee-script": "^1.12.5"
      }
    },
    "editions": {
      "version": "1.3.3",
      "resolved": "https://registry.npmjs.org/editions/-/editions-1.3.3.tgz",
      "integrity": "sha1-CQcQG92iD6w8vjNMJ8vQaI3Jmls="
    },
    "taskgroup": {
      "version": "4.3.1",
      "resolved": "https://registry.npmjs.org/taskgroup/-/taskgroup-4.3.1.tgz",
      "integrity": "sha1-feGT/r12gnPEV3MElwJNUSwnkVo=",
      "requires": {
        "ambi": "^2.2.0",
        "csextends": "^1.0.3"
      }
    },
    "typechecker": {
      "version": "4.4.1",
      "resolved": "https://registry.npmjs.org/typechecker/-/typechecker-4.4.1.tgz",
      "integrity": "sha1-+XuV9RsDhBchLWd9RaNz7nvO1+Y=",
      "requires": {
        "editions": "^1.3.3"
      }
    }
  }
}
